// !$*UTF8*$!
{
	archiveVersion = 1;
	classes = {
	};
	objectVersion = 56;
	objects = {

/* Begin PBXBuildFile section */
		14808B342C6390AE00757CF6 /* AppDelegate.swift in Sources */ = {isa = PBXBuildFile; fileRef = 14808B332C6390AE00757CF6 /* AppDelegate.swift */; };
		14808B362C6390AE00757CF6 /* SceneDelegate.swift in Sources */ = {isa = PBXBuildFile; fileRef = 14808B352C6390AE00757CF6 /* SceneDelegate.swift */; };
		14808B382C6390AE00757CF6 /* StartViewController.swift in Sources */ = {isa = PBXBuildFile; fileRef = 14808B372C6390AE00757CF6 /* StartViewController.swift */; };
		14808B3D2C6390AF00757CF6 /* Assets.xcassets in Resources */ = {isa = PBXBuildFile; fileRef = 14808B3C2C6390AF00757CF6 /* Assets.xcassets */; };
		14808B402C6390AF00757CF6 /* Base in Resources */ = {isa = PBXBuildFile; fileRef = 14808B3F2C6390AF00757CF6 /* Base */; };
		14808B492C63910100757CF6 /* RxCocoa in Frameworks */ = {isa = PBXBuildFile; productRef = 14808B482C63910100757CF6 /* RxCocoa */; };
		14808B4B2C63910100757CF6 /* RxSwift in Frameworks */ = {isa = PBXBuildFile; productRef = 14808B4A2C63910100757CF6 /* RxSwift */; };
		14808B4E2C63910900757CF6 /* SnapKit in Frameworks */ = {isa = PBXBuildFile; productRef = 14808B4D2C63910900757CF6 /* SnapKit */; };
		14808B522C63913800757CF6 /* BaseViewController.swift in Sources */ = {isa = PBXBuildFile; fileRef = 14808B512C63913800757CF6 /* BaseViewController.swift */; };
		14808B552C6391E400757CF6 /* UIColorExtension.swift in Sources */ = {isa = PBXBuildFile; fileRef = 14808B542C6391E400757CF6 /* UIColorExtension.swift */; };
		14808B5B2C63981600757CF6 /* Gyounggi_Medium.ttf in Resources */ = {isa = PBXBuildFile; fileRef = 14808B5A2C63981600757CF6 /* Gyounggi_Medium.ttf */; };
		14808B5D2C639CD700757CF6 /* LoginViewController.swift in Sources */ = {isa = PBXBuildFile; fileRef = 14808B5C2C639CD700757CF6 /* LoginViewController.swift */; };
		14808B602C63ACC800757CF6 /* LoginCoreData.xcdatamodeld in Sources */ = {isa = PBXBuildFile; fileRef = 14808B5E2C63ACC800757CF6 /* LoginCoreData.xcdatamodeld */; };
		14808B672C63AFFB00757CF6 /* UserModel.swift in Sources */ = {isa = PBXBuildFile; fileRef = 14808B662C63AFFB00757CF6 /* UserModel.swift */; };
		14808B6D2C63B05D00757CF6 /* CoreDataManager.swift in Sources */ = {isa = PBXBuildFile; fileRef = 14808B6C2C63B05D00757CF6 /* CoreDataManager.swift */; };
		14808B702C63B0AB00757CF6 /* UserModel+CoreDataClass.swift in Sources */ = {isa = PBXBuildFile; fileRef = 14808B6E2C63B0AB00757CF6 /* UserModel+CoreDataClass.swift */; };
		14808B712C63B0AB00757CF6 /* UserModel+CoreDataProperties.swift in Sources */ = {isa = PBXBuildFile; fileRef = 14808B6F2C63B0AB00757CF6 /* UserModel+CoreDataProperties.swift */; };
		14808B732C63B2A500757CF6 /* SignUpViewController.swift in Sources */ = {isa = PBXBuildFile; fileRef = 14808B722C63B2A500757CF6 /* SignUpViewController.swift */; };
		14808B752C63B67D00757CF6 /* BaseViewControllerExtension.swift in Sources */ = {isa = PBXBuildFile; fileRef = 14808B742C63B67D00757CF6 /* BaseViewControllerExtension.swift */; };
		14808B772C63C82800757CF6 /* NickNameViewController.swift in Sources */ = {isa = PBXBuildFile; fileRef = 14808B762C63C82800757CF6 /* NickNameViewController.swift */; };
		14808B792C63D3F300757CF6 /* LoginPasswordController.swift in Sources */ = {isa = PBXBuildFile; fileRef = 14808B782C63D3F300757CF6 /* LoginPasswordController.swift */; };
		14808B7F2C63D7D500757CF6 /* MainViewController.swift in Sources */ = {isa = PBXBuildFile; fileRef = 14808B7E2C63D7D500757CF6 /* MainViewController.swift */; };
/* End PBXBuildFile section */

/* Begin PBXFileReference section */
		14808B302C6390AE00757CF6 /* Assignment.app */ = {isa = PBXFileReference; explicitFileType = wrapper.application; includeInIndex = 0; path = Assignment.app; sourceTree = BUILT_PRODUCTS_DIR; };
		14808B332C6390AE00757CF6 /* AppDelegate.swift */ = {isa = PBXFileReference; lastKnownFileType = sourcecode.swift; path = AppDelegate.swift; sourceTree = "<group>"; };
		14808B352C6390AE00757CF6 /* SceneDelegate.swift */ = {isa = PBXFileReference; lastKnownFileType = sourcecode.swift; path = SceneDelegate.swift; sourceTree = "<group>"; };
		14808B372C6390AE00757CF6 /* StartViewController.swift */ = {isa = PBXFileReference; lastKnownFileType = sourcecode.swift; path = StartViewController.swift; sourceTree = "<group>"; };
		14808B3C2C6390AF00757CF6 /* Assets.xcassets */ = {isa = PBXFileReference; lastKnownFileType = folder.assetcatalog; path = Assets.xcassets; sourceTree = "<group>"; };
		14808B3F2C6390AF00757CF6 /* Base */ = {isa = PBXFileReference; lastKnownFileType = file.storyboard; name = Base; path = Base.lproj/LaunchScreen.storyboard; sourceTree = "<group>"; };
		14808B412C6390AF00757CF6 /* Info.plist */ = {isa = PBXFileReference; lastKnownFileType = text.plist.xml; path = Info.plist; sourceTree = "<group>"; };
		14808B512C63913800757CF6 /* BaseViewController.swift */ = {isa = PBXFileReference; lastKnownFileType = sourcecode.swift; path = BaseViewController.swift; sourceTree = "<group>"; };
		14808B542C6391E400757CF6 /* UIColorExtension.swift */ = {isa = PBXFileReference; fileEncoding = 4; lastKnownFileType = sourcecode.swift; path = UIColorExtension.swift; sourceTree = "<group>"; };
		14808B5A2C63981600757CF6 /* Gyounggi_Medium.ttf */ = {isa = PBXFileReference; lastKnownFileType = file; path = Gyounggi_Medium.ttf; sourceTree = "<group>"; };
		14808B5C2C639CD700757CF6 /* LoginViewController.swift */ = {isa = PBXFileReference; fileEncoding = 4; lastKnownFileType = sourcecode.swift; path = LoginViewController.swift; sourceTree = "<group>"; };
		14808B5F2C63ACC800757CF6 /* LoginCoreData.xcdatamodel */ = {isa = PBXFileReference; lastKnownFileType = wrapper.xcdatamodel; path = LoginCoreData.xcdatamodel; sourceTree = "<group>"; };
		14808B662C63AFFB00757CF6 /* UserModel.swift */ = {isa = PBXFileReference; lastKnownFileType = sourcecode.swift; path = UserModel.swift; sourceTree = "<group>"; };
		14808B6C2C63B05D00757CF6 /* CoreDataManager.swift */ = {isa = PBXFileReference; lastKnownFileType = sourcecode.swift; path = CoreDataManager.swift; sourceTree = "<group>"; };
		14808B6E2C63B0AB00757CF6 /* UserModel+CoreDataClass.swift */ = {isa = PBXFileReference; lastKnownFileType = sourcecode.swift; path = "UserModel+CoreDataClass.swift"; sourceTree = "<group>"; };
		14808B6F2C63B0AB00757CF6 /* UserModel+CoreDataProperties.swift */ = {isa = PBXFileReference; lastKnownFileType = sourcecode.swift; path = "UserModel+CoreDataProperties.swift"; sourceTree = "<group>"; };
		14808B722C63B2A500757CF6 /* SignUpViewController.swift */ = {isa = PBXFileReference; lastKnownFileType = sourcecode.swift; path = SignUpViewController.swift; sourceTree = "<group>"; };
		14808B742C63B67D00757CF6 /* BaseViewControllerExtension.swift */ = {isa = PBXFileReference; lastKnownFileType = sourcecode.swift; path = BaseViewControllerExtension.swift; sourceTree = "<group>"; };
		14808B762C63C82800757CF6 /* NickNameViewController.swift */ = {isa = PBXFileReference; lastKnownFileType = sourcecode.swift; path = NickNameViewController.swift; sourceTree = "<group>"; };
		14808B782C63D3F300757CF6 /* LoginPasswordController.swift */ = {isa = PBXFileReference; lastKnownFileType = sourcecode.swift; path = LoginPasswordController.swift; sourceTree = "<group>"; };
		14808B7E2C63D7D500757CF6 /* MainViewController.swift */ = {isa = PBXFileReference; lastKnownFileType = sourcecode.swift; path = MainViewController.swift; sourceTree = "<group>"; };
/* End PBXFileReference section */

/* Begin PBXFrameworksBuildPhase section */
		14808B2D2C6390AE00757CF6 /* Frameworks */ = {
			isa = PBXFrameworksBuildPhase;
			buildActionMask = 2147483647;
			files = (
				14808B4E2C63910900757CF6 /* SnapKit in Frameworks */,
				14808B4B2C63910100757CF6 /* RxSwift in Frameworks */,
				14808B492C63910100757CF6 /* RxCocoa in Frameworks */,
			);
			runOnlyForDeploymentPostprocessing = 0;
		};
/* End PBXFrameworksBuildPhase section */

/* Begin PBXGroup section */
		14808B272C6390AE00757CF6 = {
			isa = PBXGroup;
			children = (
				14808B6E2C63B0AB00757CF6 /* UserModel+CoreDataClass.swift */,
				14808B6F2C63B0AB00757CF6 /* UserModel+CoreDataProperties.swift */,
				14808B322C6390AE00757CF6 /* Assignment */,
				14808B312C6390AE00757CF6 /* Products */,
			);
			sourceTree = "<group>";
		};
		14808B312C6390AE00757CF6 /* Products */ = {
			isa = PBXGroup;
			children = (
				14808B302C6390AE00757CF6 /* Assignment.app */,
			);
			name = Products;
			sourceTree = "<group>";
		};
		14808B322C6390AE00757CF6 /* Assignment */ = {
			isa = PBXGroup;
			children = (
				14808B652C63AFF000757CF6 /* Model */,
				14808B582C63980100757CF6 /* Resource */,
				14808B572C63921600757CF6 /* Service */,
				14808B562C6391ED00757CF6 /* Util */,
				14808B532C6391D400757CF6 /* Extension */,
				14808B4F2C63912700757CF6 /* ViewControllers */,
				14808B3E2C6390AF00757CF6 /* LaunchScreen.storyboard */,
				14808B5E2C63ACC800757CF6 /* LoginCoreData.xcdatamodeld */,
			);
			path = Assignment;
			sourceTree = "<group>";
		};
		14808B4F2C63912700757CF6 /* ViewControllers */ = {
			isa = PBXGroup;
			children = (
				14808B7D2C63D7BF00757CF6 /* MainPage */,
				14808B7B2C63D4AF00757CF6 /* OriginalUser */,
				14808B7A2C63D4A600757CF6 /* NewUser */,
				14808B502C63913000757CF6 /* Base */,
				14808B7C2C63D7AD00757CF6 /* Login */,
				14808B372C6390AE00757CF6 /* StartViewController.swift */,
			);
			path = ViewControllers;
			sourceTree = "<group>";
		};
		14808B502C63913000757CF6 /* Base */ = {
			isa = PBXGroup;
			children = (
				14808B512C63913800757CF6 /* BaseViewController.swift */,
			);
			path = Base;
			sourceTree = "<group>";
		};
		14808B532C6391D400757CF6 /* Extension */ = {
			isa = PBXGroup;
			children = (
				14808B542C6391E400757CF6 /* UIColorExtension.swift */,
				14808B742C63B67D00757CF6 /* BaseViewControllerExtension.swift */,
			);
			path = Extension;
			sourceTree = "<group>";
		};
		14808B562C6391ED00757CF6 /* Util */ = {
			isa = PBXGroup;
			children = (
				14808B332C6390AE00757CF6 /* AppDelegate.swift */,
				14808B352C6390AE00757CF6 /* SceneDelegate.swift */,
				14808B412C6390AF00757CF6 /* Info.plist */,
			);
			path = Util;
			sourceTree = "<group>";
		};
		14808B572C63921600757CF6 /* Service */ = {
			isa = PBXGroup;
			children = (
				14808B6C2C63B05D00757CF6 /* CoreDataManager.swift */,
			);
			path = Service;
			sourceTree = "<group>";
		};
		14808B582C63980100757CF6 /* Resource */ = {
			isa = PBXGroup;
			children = (
				14808B592C63981000757CF6 /* Font */,
				14808B3C2C6390AF00757CF6 /* Assets.xcassets */,
			);
			path = Resource;
			sourceTree = "<group>";
		};
		14808B592C63981000757CF6 /* Font */ = {
			isa = PBXGroup;
			children = (
				14808B5A2C63981600757CF6 /* Gyounggi_Medium.ttf */,
			);
			path = Font;
			sourceTree = "<group>";
		};
		14808B652C63AFF000757CF6 /* Model */ = {
			isa = PBXGroup;
			children = (
				14808B662C63AFFB00757CF6 /* UserModel.swift */,
			);
			path = Model;
			sourceTree = "<group>";
		};
		14808B7A2C63D4A600757CF6 /* NewUser */ = {
			isa = PBXGroup;
			children = (
				14808B722C63B2A500757CF6 /* SignUpViewController.swift */,
				14808B762C63C82800757CF6 /* NickNameViewController.swift */,
			);
			path = NewUser;
			sourceTree = "<group>";
		};
		14808B7B2C63D4AF00757CF6 /* OriginalUser */ = {
			isa = PBXGroup;
			children = (
				14808B782C63D3F300757CF6 /* LoginPasswordController.swift */,
			);
			path = OriginalUser;
			sourceTree = "<group>";
		};
		14808B7C2C63D7AD00757CF6 /* Login */ = {
			isa = PBXGroup;
			children = (
				14808B5C2C639CD700757CF6 /* LoginViewController.swift */,
			);
			path = Login;
			sourceTree = "<group>";
		};
		14808B7D2C63D7BF00757CF6 /* MainPage */ = {
			isa = PBXGroup;
			children = (
				14808B7E2C63D7D500757CF6 /* MainViewController.swift */,
			);
			path = MainPage;
			sourceTree = "<group>";
		};
/* End PBXGroup section */

/* Begin PBXNativeTarget section */
		14808B2F2C6390AE00757CF6 /* Assignment */ = {
			isa = PBXNativeTarget;
			buildConfigurationList = 14808B442C6390AF00757CF6 /* Build configuration list for PBXNativeTarget "Assignment" */;
			buildPhases = (
				14808B2C2C6390AE00757CF6 /* Sources */,
				14808B2D2C6390AE00757CF6 /* Frameworks */,
				14808B2E2C6390AE00757CF6 /* Resources */,
			);
			buildRules = (
			);
			dependencies = (
			);
			name = Assignment;
			packageProductDependencies = (
				14808B482C63910100757CF6 /* RxCocoa */,
				14808B4A2C63910100757CF6 /* RxSwift */,
				14808B4D2C63910900757CF6 /* SnapKit */,
			);
			productName = Assignment;
			productReference = 14808B302C6390AE00757CF6 /* Assignment.app */;
			productType = "com.apple.product-type.application";
		};
/* End PBXNativeTarget section */

/* Begin PBXProject section */
		14808B282C6390AE00757CF6 /* Project object */ = {
			isa = PBXProject;
			attributes = {
				BuildIndependentTargetsInParallel = 1;
				LastSwiftUpdateCheck = 1540;
				LastUpgradeCheck = 1540;
				TargetAttributes = {
					14808B2F2C6390AE00757CF6 = {
						CreatedOnToolsVersion = 15.4;
					};
				};
			};
			buildConfigurationList = 14808B2B2C6390AE00757CF6 /* Build configuration list for PBXProject "Assignment" */;
			compatibilityVersion = "Xcode 14.0";
			developmentRegion = en;
			hasScannedForEncodings = 0;
			knownRegions = (
				en,
				Base,
			);
			mainGroup = 14808B272C6390AE00757CF6;
			packageReferences = (
				14808B472C63910100757CF6 /* XCRemoteSwiftPackageReference "RxSwift" */,
				14808B4C2C63910900757CF6 /* XCRemoteSwiftPackageReference "SnapKit" */,
			);
			productRefGroup = 14808B312C6390AE00757CF6 /* Products */;
			projectDirPath = "";
			projectRoot = "";
			targets = (
				14808B2F2C6390AE00757CF6 /* Assignment */,
			);
		};
/* End PBXProject section */

/* Begin PBXResourcesBuildPhase section */
		14808B2E2C6390AE00757CF6 /* Resources */ = {
			isa = PBXResourcesBuildPhase;
			buildActionMask = 2147483647;
			files = (
				14808B3D2C6390AF00757CF6 /* Assets.xcassets in Resources */,
				14808B402C6390AF00757CF6 /* Base in Resources */,
				14808B5B2C63981600757CF6 /* Gyounggi_Medium.ttf in Resources */,
			);
			runOnlyForDeploymentPostprocessing = 0;
		};
/* End PBXResourcesBuildPhase section */

/* Begin PBXSourcesBuildPhase section */
		14808B2C2C6390AE00757CF6 /* Sources */ = {
			isa = PBXSourcesBuildPhase;
			buildActionMask = 2147483647;
			files = (
				14808B5D2C639CD700757CF6 /* LoginViewController.swift in Sources */,
				14808B382C6390AE00757CF6 /* StartViewController.swift in Sources */,
				14808B522C63913800757CF6 /* BaseViewController.swift in Sources */,
				14808B552C6391E400757CF6 /* UIColorExtension.swift in Sources */,
				14808B342C6390AE00757CF6 /* AppDelegate.swift in Sources */,
				14808B602C63ACC800757CF6 /* LoginCoreData.xcdatamodeld in Sources */,
				14808B732C63B2A500757CF6 /* SignUpViewController.swift in Sources */,
				14808B7F2C63D7D500757CF6 /* MainViewController.swift in Sources */,
				14808B702C63B0AB00757CF6 /* UserModel+CoreDataClass.swift in Sources */,
				14808B792C63D3F300757CF6 /* LoginPasswordController.swift in Sources */,
				14808B712C63B0AB00757CF6 /* UserModel+CoreDataProperties.swift in Sources */,
				14808B672C63AFFB00757CF6 /* UserModel.swift in Sources */,
				14808B772C63C82800757CF6 /* NickNameViewController.swift in Sources */,
				14808B362C6390AE00757CF6 /* SceneDelegate.swift in Sources */,
				14808B6D2C63B05D00757CF6 /* CoreDataManager.swift in Sources */,
				14808B752C63B67D00757CF6 /* BaseViewControllerExtension.swift in Sources */,
			);
			runOnlyForDeploymentPostprocessing = 0;
		};
/* End PBXSourcesBuildPhase section */

/* Begin PBXVariantGroup section */
		14808B3E2C6390AF00757CF6 /* LaunchScreen.storyboard */ = {
			isa = PBXVariantGroup;
			children = (
				14808B3F2C6390AF00757CF6 /* Base */,
			);
			name = LaunchScreen.storyboard;
			sourceTree = "<group>";
		};
/* End PBXVariantGroup section */

/* Begin XCBuildConfiguration section */
		14808B422C6390AF00757CF6 /* Debug */ = {
			isa = XCBuildConfiguration;
			buildSettings = {
				ALWAYS_SEARCH_USER_PATHS = NO;
				ASSETCATALOG_COMPILER_GENERATE_SWIFT_ASSET_SYMBOL_EXTENSIONS = YES;
				CLANG_ANALYZER_NONNULL = YES;
				CLANG_ANALYZER_NUMBER_OBJECT_CONVERSION = YES_AGGRESSIVE;
				CLANG_CXX_LANGUAGE_STANDARD = "gnu++20";
				CLANG_ENABLE_MODULES = YES;
				CLANG_ENABLE_OBJC_ARC = YES;
				CLANG_ENABLE_OBJC_WEAK = YES;
				CLANG_WARN_BLOCK_CAPTURE_AUTORELEASING = YES;
				CLANG_WARN_BOOL_CONVERSION = YES;
				CLANG_WARN_COMMA = YES;
				CLANG_WARN_CONSTANT_CONVERSION = YES;
				CLANG_WARN_DEPRECATED_OBJC_IMPLEMENTATIONS = YES;
				CLANG_WARN_DIRECT_OBJC_ISA_USAGE = YES_ERROR;
				CLANG_WARN_DOCUMENTATION_COMMENTS = YES;
				CLANG_WARN_EMPTY_BODY = YES;
				CLANG_WARN_ENUM_CONVERSION = YES;
				CLANG_WARN_INFINITE_RECURSION = YES;
				CLANG_WARN_INT_CONVERSION = YES;
				CLANG_WARN_NON_LITERAL_NULL_CONVERSION = YES;
				CLANG_WARN_OBJC_IMPLICIT_RETAIN_SELF = YES;
				CLANG_WARN_OBJC_LITERAL_CONVERSION = YES;
				CLANG_WARN_OBJC_ROOT_CLASS = YES_ERROR;
				CLANG_WARN_QUOTED_INCLUDE_IN_FRAMEWORK_HEADER = YES;
				CLANG_WARN_RANGE_LOOP_ANALYSIS = YES;
				CLANG_WARN_STRICT_PROTOTYPES = YES;
				CLANG_WARN_SUSPICIOUS_MOVE = YES;
				CLANG_WARN_UNGUARDED_AVAILABILITY = YES_AGGRESSIVE;
				CLANG_WARN_UNREACHABLE_CODE = YES;
				CLANG_WARN__DUPLICATE_METHOD_MATCH = YES;
				COPY_PHASE_STRIP = NO;
				DEBUG_INFORMATION_FORMAT = dwarf;
				ENABLE_STRICT_OBJC_MSGSEND = YES;
				ENABLE_TESTABILITY = YES;
				ENABLE_USER_SCRIPT_SANDBOXING = YES;
				GCC_C_LANGUAGE_STANDARD = gnu17;
				GCC_DYNAMIC_NO_PIC = NO;
				GCC_NO_COMMON_BLOCKS = YES;
				GCC_OPTIMIZATION_LEVEL = 0;
				GCC_PREPROCESSOR_DEFINITIONS = (
					"DEBUG=1",
					"$(inherited)",
				);
				GCC_WARN_64_TO_32_BIT_CONVERSION = YES;
				GCC_WARN_ABOUT_RETURN_TYPE = YES_ERROR;
				GCC_WARN_UNDECLARED_SELECTOR = YES;
				GCC_WARN_UNINITIALIZED_AUTOS = YES_AGGRESSIVE;
				GCC_WARN_UNUSED_FUNCTION = YES;
				GCC_WARN_UNUSED_VARIABLE = YES;
				IPHONEOS_DEPLOYMENT_TARGET = 17.5;
				LOCALIZATION_PREFERS_STRING_CATALOGS = YES;
				MTL_ENABLE_DEBUG_INFO = INCLUDE_SOURCE;
				MTL_FAST_MATH = YES;
				ONLY_ACTIVE_ARCH = YES;
				SDKROOT = iphoneos;
				SWIFT_ACTIVE_COMPILATION_CONDITIONS = "DEBUG $(inherited)";
				SWIFT_OPTIMIZATION_LEVEL = "-Onone";
			};
			name = Debug;
		};
		14808B432C6390AF00757CF6 /* Release */ = {
			isa = XCBuildConfiguration;
			buildSettings = {
				ALWAYS_SEARCH_USER_PATHS = NO;
				ASSETCATALOG_COMPILER_GENERATE_SWIFT_ASSET_SYMBOL_EXTENSIONS = YES;
				CLANG_ANALYZER_NONNULL = YES;
				CLANG_ANALYZER_NUMBER_OBJECT_CONVERSION = YES_AGGRESSIVE;
				CLANG_CXX_LANGUAGE_STANDARD = "gnu++20";
				CLANG_ENABLE_MODULES = YES;
				CLANG_ENABLE_OBJC_ARC = YES;
				CLANG_ENABLE_OBJC_WEAK = YES;
				CLANG_WARN_BLOCK_CAPTURE_AUTORELEASING = YES;
				CLANG_WARN_BOOL_CONVERSION = YES;
				CLANG_WARN_COMMA = YES;
				CLANG_WARN_CONSTANT_CONVERSION = YES;
				CLANG_WARN_DEPRECATED_OBJC_IMPLEMENTATIONS = YES;
				CLANG_WARN_DIRECT_OBJC_ISA_USAGE = YES_ERROR;
				CLANG_WARN_DOCUMENTATION_COMMENTS = YES;
				CLANG_WARN_EMPTY_BODY = YES;
				CLANG_WARN_ENUM_CONVERSION = YES;
				CLANG_WARN_INFINITE_RECURSION = YES;
				CLANG_WARN_INT_CONVERSION = YES;
				CLANG_WARN_NON_LITERAL_NULL_CONVERSION = YES;
				CLANG_WARN_OBJC_IMPLICIT_RETAIN_SELF = YES;
				CLANG_WARN_OBJC_LITERAL_CONVERSION = YES;
				CLANG_WARN_OBJC_ROOT_CLASS = YES_ERROR;
				CLANG_WARN_QUOTED_INCLUDE_IN_FRAMEWORK_HEADER = YES;
				CLANG_WARN_RANGE_LOOP_ANALYSIS = YES;
				CLANG_WARN_STRICT_PROTOTYPES = YES;
				CLANG_WARN_SUSPICIOUS_MOVE = YES;
				CLANG_WARN_UNGUARDED_AVAILABILITY = YES_AGGRESSIVE;
				CLANG_WARN_UNREACHABLE_CODE = YES;
				CLANG_WARN__DUPLICATE_METHOD_MATCH = YES;
				COPY_PHASE_STRIP = NO;
				DEBUG_INFORMATION_FORMAT = "dwarf-with-dsym";
				ENABLE_NS_ASSERTIONS = NO;
				ENABLE_STRICT_OBJC_MSGSEND = YES;
				ENABLE_USER_SCRIPT_SANDBOXING = YES;
				GCC_C_LANGUAGE_STANDARD = gnu17;
				GCC_NO_COMMON_BLOCKS = YES;
				GCC_WARN_64_TO_32_BIT_CONVERSION = YES;
				GCC_WARN_ABOUT_RETURN_TYPE = YES_ERROR;
				GCC_WARN_UNDECLARED_SELECTOR = YES;
				GCC_WARN_UNINITIALIZED_AUTOS = YES_AGGRESSIVE;
				GCC_WARN_UNUSED_FUNCTION = YES;
				GCC_WARN_UNUSED_VARIABLE = YES;
				IPHONEOS_DEPLOYMENT_TARGET = 17.5;
				LOCALIZATION_PREFERS_STRING_CATALOGS = YES;
				MTL_ENABLE_DEBUG_INFO = NO;
				MTL_FAST_MATH = YES;
				SDKROOT = iphoneos;
				SWIFT_COMPILATION_MODE = wholemodule;
				VALIDATE_PRODUCT = YES;
			};
			name = Release;
		};
		14808B452C6390AF00757CF6 /* Debug */ = {
			isa = XCBuildConfiguration;
			buildSettings = {
				ASSETCATALOG_COMPILER_APPICON_NAME = AppIcon;
				ASSETCATALOG_COMPILER_GLOBAL_ACCENT_COLOR_NAME = AccentColor;
				CODE_SIGN_STYLE = Automatic;
				CURRENT_PROJECT_VERSION = 1;
				DEVELOPMENT_TEAM = 27X8924SNC;
				GENERATE_INFOPLIST_FILE = YES;
				INFOPLIST_FILE = Assignment/Util/Info.plist;
				INFOPLIST_KEY_UIApplicationSupportsIndirectInputEvents = YES;
				INFOPLIST_KEY_UILaunchStoryboardName = LaunchScreen;
				INFOPLIST_KEY_UISupportedInterfaceOrientations_iPad = "UIInterfaceOrientationPortrait UIInterfaceOrientationPortraitUpsideDown UIInterfaceOrientationLandscapeLeft UIInterfaceOrientationLandscapeRight";
				INFOPLIST_KEY_UISupportedInterfaceOrientations_iPhone = "UIInterfaceOrientationPortrait UIInterfaceOrientationLandscapeLeft UIInterfaceOrientationLandscapeRight";
				LD_RUNPATH_SEARCH_PATHS = (
					"$(inherited)",
					"@executable_path/Frameworks",
				);
				MARKETING_VERSION = 1.0;
				PRODUCT_BUNDLE_IDENTIFIER = com.seungwon.Assignment;
				PRODUCT_NAME = "$(TARGET_NAME)";
				SWIFT_EMIT_LOC_STRINGS = YES;
				SWIFT_VERSION = 5.0;
				TARGETED_DEVICE_FAMILY = "1,2";
			};
			name = Debug;
		};
		14808B462C6390AF00757CF6 /* Release */ = {
			isa = XCBuildConfiguration;
			buildSettings = {
				ASSETCATALOG_COMPILER_APPICON_NAME = AppIcon;
				ASSETCATALOG_COMPILER_GLOBAL_ACCENT_COLOR_NAME = AccentColor;
				CODE_SIGN_STYLE = Automatic;
				CURRENT_PROJECT_VERSION = 1;
				DEVELOPMENT_TEAM = 27X8924SNC;
				GENERATE_INFOPLIST_FILE = YES;
				INFOPLIST_FILE = Assignment/Util/Info.plist;
				INFOPLIST_KEY_UIApplicationSupportsIndirectInputEvents = YES;
				INFOPLIST_KEY_UILaunchStoryboardName = LaunchScreen;
				INFOPLIST_KEY_UISupportedInterfaceOrientations_iPad = "UIInterfaceOrientationPortrait UIInterfaceOrientationPortraitUpsideDown UIInterfaceOrientationLandscapeLeft UIInterfaceOrientationLandscapeRight";
				INFOPLIST_KEY_UISupportedInterfaceOrientations_iPhone = "UIInterfaceOrientationPortrait UIInterfaceOrientationLandscapeLeft UIInterfaceOrientationLandscapeRight";
				LD_RUNPATH_SEARCH_PATHS = (
					"$(inherited)",
					"@executable_path/Frameworks",
				);
				MARKETING_VERSION = 1.0;
				PRODUCT_BUNDLE_IDENTIFIER = com.seungwon.Assignment;
				PRODUCT_NAME = "$(TARGET_NAME)";
				SWIFT_EMIT_LOC_STRINGS = YES;
				SWIFT_VERSION = 5.0;
				TARGETED_DEVICE_FAMILY = "1,2";
			};
			name = Release;
		};
/* End XCBuildConfiguration section */

/* Begin XCConfigurationList section */
		14808B2B2C6390AE00757CF6 /* Build configuration list for PBXProject "Assignment" */ = {
			isa = XCConfigurationList;
			buildConfigurations = (
				14808B422C6390AF00757CF6 /* Debug */,
				14808B432C6390AF00757CF6 /* Release */,
			);
			defaultConfigurationIsVisible = 0;
			defaultConfigurationName = Release;
		};
		14808B442C6390AF00757CF6 /* Build configuration list for PBXNativeTarget "Assignment" */ = {
			isa = XCConfigurationList;
			buildConfigurations = (
				14808B452C6390AF00757CF6 /* Debug */,
				14808B462C6390AF00757CF6 /* Release */,
			);
			defaultConfigurationIsVisible = 0;
			defaultConfigurationName = Release;
		};
/* End XCConfigurationList section */

/* Begin XCRemoteSwiftPackageReference section */
		14808B472C63910100757CF6 /* XCRemoteSwiftPackageReference "RxSwift" */ = {
			isa = XCRemoteSwiftPackageReference;
			repositoryURL = "https://github.com/ReactiveX/RxSwift";
			requirement = {
				kind = upToNextMajorVersion;
				minimumVersion = 6.7.1;
			};
		};
		14808B4C2C63910900757CF6 /* XCRemoteSwiftPackageReference "SnapKit" */ = {
			isa = XCRemoteSwiftPackageReference;
			repositoryURL = "https://github.com/SnapKit/SnapKit.git";
			requirement = {
				kind = upToNextMajorVersion;
				minimumVersion = 5.7.1;
			};
		};
/* End XCRemoteSwiftPackageReference section */

/* Begin XCSwiftPackageProductDependency section */
		14808B482C63910100757CF6 /* RxCocoa */ = {
			isa = XCSwiftPackageProductDependency;
			package = 14808B472C63910100757CF6 /* XCRemoteSwiftPackageReference "RxSwift" */;
			productName = RxCocoa;
		};
		14808B4A2C63910100757CF6 /* RxSwift */ = {
			isa = XCSwiftPackageProductDependency;
			package = 14808B472C63910100757CF6 /* XCRemoteSwiftPackageReference "RxSwift" */;
			productName = RxSwift;
		};
		14808B4D2C63910900757CF6 /* SnapKit */ = {
			isa = XCSwiftPackageProductDependency;
			package = 14808B4C2C63910900757CF6 /* XCRemoteSwiftPackageReference "SnapKit" */;
			productName = SnapKit;
		};
/* End XCSwiftPackageProductDependency section */

/* Begin XCVersionGroup section */
		14808B5E2C63ACC800757CF6 /* LoginCoreData.xcdatamodeld */ = {
			isa = XCVersionGroup;
			children = (
				14808B5F2C63ACC800757CF6 /* LoginCoreData.xcdatamodel */,
			);
			currentVersion = 14808B5F2C63ACC800757CF6 /* LoginCoreData.xcdatamodel */;
			name = LoginCoreData.xcdatamodeld;
			path = /Users/sam.lee/Documents/GitHub/SeungwonAssignment/Assignment/Assignment/LoginCoreData.xcdatamodeld;
			sourceTree = "<group>";
			versionGroupType = wrapper.xcdatamodel;
		};
/* End XCVersionGroup section */
	};
	rootObject = 14808B282C6390AE00757CF6 /* Project object */;
}
